<?xml version="1.0" encoding="utf-8"?>
<Project ToolsVersion="4.0" xmlns="http://schemas.microsoft.com/developer/msbuild/2003">
  <ItemGroup>
    <Filter Include="Resource Files">
      <UniqueIdentifier>{67DA6AB6-F800-4c08-8B7A-83BB121AAD01}</UniqueIdentifier>
      <Extensions>rc;ico;cur;bmp;dlg;rc2;rct;bin;rgs;gif;jpg;jpeg;jpe;resx;tiff;tif;png;wav;mfcribbon-ms</Extensions>
    </Filter>
    <Filter Include="Class Diagrams">
      <UniqueIdentifier>{f20bee90-2b2c-4fa2-a9a9-1d1171ec1684}</UniqueIdentifier>
    </Filter>
    <Filter Include="Game">
      <UniqueIdentifier>{89166e80-b3d1-4a97-8407-b674d8be2f46}</UniqueIdentifier>
    </Filter>
    <Filter Include="Game\Source Files">
      <UniqueIdentifier>{8b06a802-88d4-4f48-a5d8-4bf918b7f852}</UniqueIdentifier>
    </Filter>
    <Filter Include="Misc">
      <UniqueIdentifier>{31b35813-1fe8-40b9-853c-cdbe1efd89e9}</UniqueIdentifier>
    </Filter>
    <Filter Include="Misc\Header Files">
      <UniqueIdentifier>{93995380-89BD-4b04-88EB-625FBE52EBFB}</UniqueIdentifier>
      <Extensions>h;hpp;hxx;hm;inl;inc;xsd</Extensions>
    </Filter>
    <Filter Include="Misc\Source Files">
      <UniqueIdentifier>{4FC737F1-C7A5-4376-A066-2A32D752A2FF}</UniqueIdentifier>
      <Extensions>cpp;c;cc;cxx;def;odl;idl;hpj;bat;asm;asmx</Extensions>
    </Filter>
    <Filter Include="Game\Header Files">
      <UniqueIdentifier>{9c08927d-2f90-434f-bf52-52f0a8c763f8}</UniqueIdentifier>
    </Filter>
    <Filter Include="Menu">
      <UniqueIdentifier>{1c0ed0b0-9d1e-444e-821f-573c39217487}</UniqueIdentifier>
    </Filter>
    <Filter Include="Menu\Header Files">
      <UniqueIdentifier>{b0cf9a56-e805-49b6-89e8-87a3a9584676}</UniqueIdentifier>
    </Filter>
    <Filter Include="Menu\Source Files">
      <UniqueIdentifier>{394be2c8-f050-45b5-be8e-4b71b11c84b4}</UniqueIdentifier>
    </Filter>
  </ItemGroup>
  <ItemGroup>
    <ClCompile Include="D3D.cpp">
      <Filter>Misc\Source Files</Filter>
    </ClCompile>
    <ClCompile Include="WindowUtils.cpp">
      <Filter>Misc\Source Files</Filter>
    </ClCompile>
    <ClCompile Include="D3DUtil.cpp">
      <Filter>Misc\Source Files</Filter>
    </ClCompile>
    <ClCompile Include="TexCache.cpp">
      <Filter>Misc\Source Files</Filter>
    </ClCompile>
    <ClCompile Include="Sprite.cpp">
      <Filter>Misc\Source Files</Filter>
    </ClCompile>
    <ClCompile Include="Input.cpp">
      <Filter>Misc\Source Files</Filter>
    </ClCompile>
    <ClCompile Include="ModeMgr.cpp">
      <Filter>Misc\Source Files</Filter>
    </ClCompile>
    <ClCompile Include="Game.cpp">
      <Filter>Game\Source Files</Filter>
    </ClCompile>
    <ClCompile Include="main.cpp">
      <Filter>Game\Source Files</Filter>
    </ClCompile>
    <ClCompile Include="PlayMode.cpp">
      <Filter>Game\Source Files</Filter>
    </ClCompile>
    <ClCompile Include="MenuMgr.cpp">
      <Filter>Menu\Source Files</Filter>
    </ClCompile>
    <ClCompile Include="MenuNodes.cpp">
      <Filter>Menu\Source Files</Filter>
    </ClCompile>
    <ClCompile Include="UIConfig.cpp">
      <Filter>Menu\Source Files</Filter>
    </ClCompile>
  </ItemGroup>
  <ItemGroup>
    <ClInclude Include="D3D.h">
      <Filter>Misc\Header Files</Filter>
    </ClInclude>
    <ClInclude Include="WindowUtils.h">
      <Filter>Misc\Header Files</Filter>
    </ClInclude>
    <ClInclude Include="D3DUtil.h">
      <Filter>Misc\Header Files</Filter>
    </ClInclude>
    <ClInclude Include="TexCache.h">
      <Filter>Misc\Header Files</Filter>
    </ClInclude>
    <ClInclude Include="Sprite.h">
      <Filter>Misc\Header Files</Filter>
    </ClInclude>
    <ClInclude Include="Input.h">
      <Filter>Misc\Header Files</Filter>
    </ClInclude>
    <ClInclude Include="Singleton.h">
      <Filter>Misc\Header Files</Filter>
    </ClInclude>
    <ClInclude Include="ModeMgr.h">
      <Filter>Misc\Header Files</Filter>
    </ClInclude>
    <ClInclude Include="GameObj.h">
      <Filter>Misc\Header Files</Filter>
    </ClInclude>
    <ClInclude Include="Game.h">
      <Filter>Game\Header Files</Filter>
    </ClInclude>
    <ClInclude Include="PlayMode.h">
      <Filter>Game\Header Files</Filter>
    </ClInclude>
    <ClInclude Include="Definitions.h">
      <Filter>Game\Header Files</Filter>
    </ClInclude>
    <ClInclude Include="MenuMgr.h">
      <Filter>Menu\Header Files</Filter>
    </ClInclude>
    <ClInclude Include="MenuNodes.h">
      <Filter>Menu\Header Files</Filter>
    </ClInclude>
    <ClInclude Include="UIConfig.h">
      <Filter>Menu\Header Files</Filter>
    </ClInclude>
  </ItemGroup>
  <ItemGroup>
    <None Include="Basic class diagram.cd">
      <Filter>Class Diagrams</Filter>
    </None>
    <None Include="ClassDiagram_AMode.cd">
      <Filter>Class Diagrams</Filter>
    </None>
    <None Include="ClassDiagram_AMode_GameObj.cd">
      <Filter>Class Diagrams</Filter>
    </None>
  </ItemGroup>
</Project>